
Microsoft Visual Studio Solution File, Format Version 12.00
# Visual Studio 15
VisualStudioVersion = 15.0.27004.2002
MinimumVisualStudioVersion = 10.0.40219.1
Project("{FAE04EC0-301F-11D3-BF4B-00C04F79EFBC}") = "Restaurante.Persistence", "Restaurante.Persistence\Restaurante.Persistence.csproj", "{331E830B-D69D-4E26-9765-0C93E0CEC616}"
EndProject
Project("{FAE04EC0-301F-11D3-BF4B-00C04F79EFBC}") = "Restaurante.Api", "Restaurante.Api\Restaurante.Api.csproj", "{CD44258A-580F-4A0D-AFB5-BA43149FEABB}"
EndProject
Global
	GlobalSection(SolutionConfigurationPlatforms) = preSolution
		Debug|Any CPU = Debug|Any CPU
		Release|Any CPU = Release|Any CPU
	EndGlobalSection
	GlobalSection(ProjectConfigurationPlatforms) = postSolution
		{331E830B-D69D-4E26-9765-0C93E0CEC616}.Debug|Any CPU.ActiveCfg = Debug|Any CPU
		{331E830B-D69D-4E26-9765-0C93E0CEC616}.Debug|Any CPU.Build.0 = Debug|Any CPU
		{331E830B-D69D-4E26-9765-0C93E0CEC616}.Release|Any CPU.ActiveCfg = Release|Any CPU
		{331E830B-D69D-4E26-9765-0C93E0CEC616}.Release|Any CPU.Build.0 = Release|Any CPU
		{CD44258A-580F-4A0D-AFB5-BA43149FEABB}.Debug|Any CPU.ActiveCfg = Debug|Any CPU
		{CD44258A-580F-4A0D-AFB5-BA43149FEABB}.Debug|Any CPU.Build.0 = Debug|Any CPU
		{CD44258A-580F-4A0D-AFB5-BA43149FEABB}.Release|Any CPU.ActiveCfg = Release|Any CPU
		{CD44258A-580F-4A0D-AFB5-BA43149FEABB}.Release|Any CPU.Build.0 = Release|Any CPU
	EndGlobalSection
	GlobalSection(SolutionProperties) = preSolution
		HideSolutionNode = FALSE
	EndGlobalSection
	GlobalSection(ExtensibilityGlobals) = postSolution
		SolutionGuid = {1ECD67E9-500B-450D-A3C6-FB384FC6879F}
	EndGlobalSection
EndGlobal
